{
  "version": 1,
  "dependencies": {
    "net8.0": {
      "Avalonia.Controls.DataGrid": {
        "type": "Direct",
        "requested": "[11.3.7, )",
        "resolved": "11.3.7",
        "contentHash": "KznEru2MkKkQJYvHU358/nwA2dWqbIhLpKv5XE7yI13pvxHZsNm2N53KMkjUBrvd6NgfJvA6UNJBtyNpjMiwyg==",
        "dependencies": {
          "Avalonia": "11.3.7"
        }
      },
      "Avalonia.Desktop": {
        "type": "Direct",
        "requested": "[11.3.7, )",
        "resolved": "11.3.7",
        "contentHash": "yWYj8M4tpg6YJrGwPIrXPuVUocJsCmT81M+QtVZkEp4PZOUkm21tviaI4BGrY8eQYHuRRy7k/vcVxwHqnmQwuA==",
        "dependencies": {
          "Avalonia": "11.3.7",
          "Avalonia.Native": "11.3.7",
          "Avalonia.Skia": "11.3.7",
          "Avalonia.Win32": "11.3.7",
          "Avalonia.X11": "11.3.7"
        }
      },
      "Avalonia.Themes.Fluent": {
        "type": "Direct",
        "requested": "[11.3.7, )",
        "resolved": "11.3.7",
        "contentHash": "StAyxi9FXU/k9V4LhbvaVYfMddi3ivD88iugu0n8uRPeWZJSlkkpND5ffqW1Wojti/IwFsSmYb6Lj7nYgQCCkQ==",
        "dependencies": {
          "Avalonia": "11.3.7"
        }
      },
      "Microsoft.DotNet.ILCompiler": {
        "type": "Direct",
        "requested": "[8.0.20, )",
        "resolved": "8.0.20",
        "contentHash": "BnTvC6mpQ4rKzKzRpHb1M2SxsNGn6FiSa7xaJenuwXjmDqCAZWZg5noPnBtCqPTXYu8ng3FSIeVq9OY87bgLzw=="
      },
      "Microsoft.NET.ILLink.Tasks": {
        "type": "Direct",
        "requested": "[8.0.20, )",
        "resolved": "8.0.20",
        "contentHash": "Rhcto2AjGvTO62+/VTmBpumBOmqIGp7nYEbTbmEXkCq4yPGxV8whju3/HsIA/bKyo2+DggaYk5+/8sxb1AbPTw=="
      },
      "Avalonia": {
        "type": "Transitive",
        "resolved": "11.3.7",
        "contentHash": "QlVvaYTSTqzoUflmAEMuPzi3vYdybEIXmFQgLZxdTbzTeyhlwKZ1WqtLwHVe1Fbt8oGSCqYYKsU8SViZsdXR2Q==",
        "dependencies": {
          "Avalonia.BuildServices": "11.3.1",
          "Avalonia.Remote.Protocol": "11.3.7",
          "MicroCom.Runtime": "0.11.0"
        }
      },
      "Avalonia.Angle.Windows.Natives": {
        "type": "Transitive",
        "resolved": "2.1.25547.20250602",
        "contentHash": "ZL0VLc4s9rvNNFt19Pxm5UNAkmKNylugAwJPX9ulXZ6JWs/l6XZihPWWTyezaoNOVyEPU8YbURtW7XMAtqXH5A=="
      },
      "Avalonia.BuildServices": {
        "type": "Transitive",
        "resolved": "11.3.1",
        "contentHash": "k/WwXbqwaCtmE0a90YXB9plT50ok6OgLBIr+DUYK16akJN82iK69kgkL1vGDd8XBvf77JM3O27znBuy7AEoFgg=="
      },
      "Avalonia.FreeDesktop": {
        "type": "Transitive",
        "resolved": "11.3.7",
        "contentHash": "4K36zaeYiZT/6S5if5fXGDAdJL4u4zuO0k33VrLpdflkVCjgPrd1WhK3qxJrgF9YNRwpkvbxnTtZzSP2X6AfKg==",
        "dependencies": {
          "Avalonia": "11.3.7",
          "Tmds.DBus.Protocol": "0.21.2"
        }
      },
      "Avalonia.Native": {
        "type": "Transitive",
        "resolved": "11.3.7",
        "contentHash": "KONYDXAlqGpMwaVrRQTp4MnbUbiG34nEYMUl3iYkgl9qP54rR/iJgDh8Xo0UfEC9Tjc/N3kV4gmhcSrOT7NCbA==",
        "dependencies": {
          "Avalonia": "11.3.7"
        }
      },
      "Avalonia.Remote.Protocol": {
        "type": "Transitive",
        "resolved": "11.3.7",
        "contentHash": "xI/QoELcb/U4qSm1KDXRRaA1qy+QgyHlgTS6EN7crV/6Ldzdv990rk6ClFa2RajHhvEm2i6S8kVx2paWZIOHHw=="
      },
      "Avalonia.Skia": {
        "type": "Transitive",
        "resolved": "11.3.7",
        "contentHash": "nDTop5duFQBdsR3YzLs/w0rhOdOB6szZQLD2vMCe8FDkKQM4j35sXMKVUcTtvSts3x8yo5DEarXfWU1viY2gng==",
        "dependencies": {
          "Avalonia": "11.3.7",
          "HarfBuzzSharp": "8.3.1.1",
          "HarfBuzzSharp.NativeAssets.Linux": "8.3.1.1",
          "HarfBuzzSharp.NativeAssets.WebAssembly": "8.3.1.1",
          "SkiaSharp": "2.88.9",
          "SkiaSharp.NativeAssets.Linux": "2.88.9",
          "SkiaSharp.NativeAssets.WebAssembly": "2.88.9"
        }
      },
      "Avalonia.Win32": {
        "type": "Transitive",
        "resolved": "11.3.7",
        "contentHash": "e6EdWKnGvr7WSg4Q3zjej0DQo5FjzwuB+5kqotYVrf+RG/EvP/49P9S257Cjz9A5Br0TCNLny3VBbqPlt4i4Ag==",
        "dependencies": {
          "Avalonia": "11.3.7",
          "Avalonia.Angle.Windows.Natives": "2.1.25547.20250602"
        }
      },
      "Avalonia.X11": {
        "type": "Transitive",
        "resolved": "11.3.7",
        "contentHash": "1/C3oM/qIRDGnBViXDpCvwsQPq74+QrwXGCzGb3meF0u+7nTZ/obh+fxMGgcq/0QHcq0t7taxsUr1lhVyBtEYw==",
        "dependencies": {
          "Avalonia": "11.3.7",
          "Avalonia.FreeDesktop": "11.3.7",
          "Avalonia.Skia": "11.3.7"
        }
      },
      "HarfBuzzSharp": {
        "type": "Transitive",
        "resolved": "8.3.1.1",
        "contentHash": "tLZN66oe/uiRPTZfrCU4i8ScVGwqHNh5MHrXj0yVf4l7Mz0FhTGnQ71RGySROTmdognAs0JtluHkL41pIabWuQ==",
        "dependencies": {
          "HarfBuzzSharp.NativeAssets.Win32": "8.3.1.1",
          "HarfBuzzSharp.NativeAssets.macOS": "8.3.1.1"
        }
      },
      "HarfBuzzSharp.NativeAssets.Linux": {
        "type": "Transitive",
        "resolved": "8.3.1.1",
        "contentHash": "3EZ1mpIiKWRLL5hUYA82ZHteeDIVaEA/Z0rA/wU6tjx6crcAkJnBPwDXZugBSfo8+J3EznvRJf49uMsqYfKrHg=="
      },
      "HarfBuzzSharp.NativeAssets.macOS": {
        "type": "Transitive",
        "resolved": "8.3.1.1",
        "contentHash": "jbtCsgftcaFLCA13tVKo5iWdElJScrulLTKJre36O4YQTIlwDtPPqhRZNk+Y0vv4D1gxbscasGRucUDfS44ofQ=="
      },
      "HarfBuzzSharp.NativeAssets.WebAssembly": {
        "type": "Transitive",
        "resolved": "8.3.1.1",
        "contentHash": "loJweK2u/mH/3C2zBa0ggJlITIszOkK64HLAZB7FUT670dTg965whLFYHDQo69NmC4+d9UN0icLC9VHidXaVCA=="
      },
      "HarfBuzzSharp.NativeAssets.Win32": {
        "type": "Transitive",
        "resolved": "8.3.1.1",
        "contentHash": "UsJtQsfAJoFDZrXc4hCUfRPMqccfKZ0iumJ/upcUjz/cmsTgVFGNEL5yaJWmkqsuFYdMWbj/En5/kS4PFl9hBA=="
      },
      "MicroCom.Runtime": {
        "type": "Transitive",
        "resolved": "0.11.0",
        "contentHash": "MEnrZ3UIiH40hjzMDsxrTyi8dtqB5ziv3iBeeU4bXsL/7NLSal9F1lZKpK+tfBRnUoDSdtcW3KufE4yhATOMCA=="
      },
      "SkiaSharp": {
        "type": "Transitive",
        "resolved": "2.88.9",
        "contentHash": "3MD5VHjXXieSHCleRLuaTXmL2pD0mB7CcOB1x2kA1I4bhptf4e3R27iM93264ZYuAq6mkUyX5XbcxnZvMJYc1Q==",
        "dependencies": {
          "SkiaSharp.NativeAssets.Win32": "2.88.9",
          "SkiaSharp.NativeAssets.macOS": "2.88.9"
        }
      },
      "SkiaSharp.NativeAssets.Linux": {
        "type": "Transitive",
        "resolved": "2.88.9",
        "contentHash": "cWSaJKVPWAaT/WIn9c8T5uT/l4ETwHxNJTkEOtNKjphNo8AW6TF9O32aRkxqw3l8GUdUo66Bu7EiqtFh/XG0Zg==",
        "dependencies": {
          "SkiaSharp": "2.88.9"
        }
      },
      "SkiaSharp.NativeAssets.macOS": {
        "type": "Transitive",
        "resolved": "2.88.9",
        "contentHash": "Nv5spmKc4505Ep7oUoJ5vp3KweFpeNqxpyGDWyeEPTX2uR6S6syXIm3gj75dM0YJz7NPvcix48mR5laqs8dPuA=="
      },
      "SkiaSharp.NativeAssets.WebAssembly": {
        "type": "Transitive",
        "resolved": "2.88.9",
        "contentHash": "kt06RccBHSnAs2wDYdBSfsjIDbY3EpsOVqnlDgKdgvyuRA8ZFDaHRdWNx1VHjGgYzmnFCGiTJBnXFl5BqGwGnA=="
      },
      "SkiaSharp.NativeAssets.Win32": {
        "type": "Transitive",
        "resolved": "2.88.9",
        "contentHash": "wb2kYgU7iy84nQLYZwMeJXixvK++GoIuECjU4ECaUKNuflyRlJKyiRhN1MAHswvlvzuvkrjRWlK0Za6+kYQK7w=="
      },
      "System.IO.Pipelines": {
        "type": "Transitive",
        "resolved": "8.0.0",
        "contentHash": "FHNOatmUq0sqJOkTx+UF/9YK1f180cnW5FVqnQMvYUN0elp6wFzbtPSiqbo1/ru8ICp43JM1i7kKkk6GsNGHlA=="
      },
      "Tmds.DBus.Protocol": {
        "type": "Transitive",
        "resolved": "0.21.2",
        "contentHash": "ScSMrUrrw8px4kK1Glh0fZv/HQUlg1078bNXNPfRPKQ3WbRzV9HpsydYEOgSoMK5LWICMf2bMwIFH0pGjxjcMA==",
        "dependencies": {
          "System.IO.Pipelines": "8.0.0"
        }
      }
    },
    "net8.0/win-x64": {
      "Microsoft.DotNet.ILCompiler": {
        "type": "Direct",
        "requested": "[8.0.20, )",
        "resolved": "8.0.20",
        "contentHash": "BnTvC6mpQ4rKzKzRpHb1M2SxsNGn6FiSa7xaJenuwXjmDqCAZWZg5noPnBtCqPTXYu8ng3FSIeVq9OY87bgLzw==",
        "dependencies": {
          "runtime.win-x64.Microsoft.DotNet.ILCompiler": "8.0.20"
        }
      },
      "Avalonia.Angle.Windows.Natives": {
        "type": "Transitive",
        "resolved": "2.1.25547.20250602",
        "contentHash": "ZL0VLc4s9rvNNFt19Pxm5UNAkmKNylugAwJPX9ulXZ6JWs/l6XZihPWWTyezaoNOVyEPU8YbURtW7XMAtqXH5A=="
      },
      "Avalonia.Native": {
        "type": "Transitive",
        "resolved": "11.3.7",
        "contentHash": "KONYDXAlqGpMwaVrRQTp4MnbUbiG34nEYMUl3iYkgl9qP54rR/iJgDh8Xo0UfEC9Tjc/N3kV4gmhcSrOT7NCbA==",
        "dependencies": {
          "Avalonia": "11.3.7"
        }
      },
      "HarfBuzzSharp.NativeAssets.Linux": {
        "type": "Transitive",
        "resolved": "8.3.1.1",
        "contentHash": "3EZ1mpIiKWRLL5hUYA82ZHteeDIVaEA/Z0rA/wU6tjx6crcAkJnBPwDXZugBSfo8+J3EznvRJf49uMsqYfKrHg=="
      },
      "HarfBuzzSharp.NativeAssets.macOS": {
        "type": "Transitive",
        "resolved": "8.3.1.1",
        "contentHash": "jbtCsgftcaFLCA13tVKo5iWdElJScrulLTKJre36O4YQTIlwDtPPqhRZNk+Y0vv4D1gxbscasGRucUDfS44ofQ=="
      },
      "HarfBuzzSharp.NativeAssets.Win32": {
        "type": "Transitive",
        "resolved": "8.3.1.1",
        "contentHash": "UsJtQsfAJoFDZrXc4hCUfRPMqccfKZ0iumJ/upcUjz/cmsTgVFGNEL5yaJWmkqsuFYdMWbj/En5/kS4PFl9hBA=="
      },
      "runtime.win-x64.Microsoft.DotNet.ILCompiler": {
        "type": "Transitive",
        "resolved": "8.0.20",
        "contentHash": "46kekfSrZ6q6e814SVIPLrnbMXRN/nqisHFoJVgCGczKO2U+9p/tgp78/huHyZh2tVGGnFXCePFKeZ254iUfCA=="
      },
      "SkiaSharp.NativeAssets.Linux": {
        "type": "Transitive",
        "resolved": "2.88.9",
        "contentHash": "cWSaJKVPWAaT/WIn9c8T5uT/l4ETwHxNJTkEOtNKjphNo8AW6TF9O32aRkxqw3l8GUdUo66Bu7EiqtFh/XG0Zg==",
        "dependencies": {
          "SkiaSharp": "2.88.9"
        }
      },
      "SkiaSharp.NativeAssets.macOS": {
        "type": "Transitive",
        "resolved": "2.88.9",
        "contentHash": "Nv5spmKc4505Ep7oUoJ5vp3KweFpeNqxpyGDWyeEPTX2uR6S6syXIm3gj75dM0YJz7NPvcix48mR5laqs8dPuA=="
      },
      "SkiaSharp.NativeAssets.Win32": {
        "type": "Transitive",
        "resolved": "2.88.9",
        "contentHash": "wb2kYgU7iy84nQLYZwMeJXixvK++GoIuECjU4ECaUKNuflyRlJKyiRhN1MAHswvlvzuvkrjRWlK0Za6+kYQK7w=="
      }
    }
  }
}